
Microsoft Visual Studio Solution File, Format Version 12.00
Project("{FAE04EC0-301F-11D3-BF4B-00C04F79EFBC}") = "NetCoreBB", "NetCoreBB\NetCoreBB.csproj", "{D88A2D17-92B1-4F54-B614-C31206C0B27A}"
EndProject
Project("{FAE04EC0-301F-11D3-BF4B-00C04F79EFBC}") = "NetCoreBB.Tests", "NetCoreBB.Tests\NetCoreBB.Tests.csproj", "{ED35E879-FD36-460D-842F-16038A0F25F7}"
EndProject
Global
	GlobalSection(SolutionConfigurationPlatforms) = preSolution
		Debug|Any CPU = Debug|Any CPU
		Release|Any CPU = Release|Any CPU
	EndGlobalSection
	GlobalSection(ProjectConfigurationPlatforms) = postSolution
		{D88A2D17-92B1-4F54-B614-C31206C0B27A}.Debug|Any CPU.ActiveCfg = Debug|Any CPU
		{D88A2D17-92B1-4F54-B614-C31206C0B27A}.Debug|Any CPU.Build.0 = Debug|Any CPU
		{D88A2D17-92B1-4F54-B614-C31206C0B27A}.Release|Any CPU.ActiveCfg = Release|Any CPU
		{D88A2D17-92B1-4F54-B614-C31206C0B27A}.Release|Any CPU.Build.0 = Release|Any CPU
		{ED35E879-FD36-460D-842F-16038A0F25F7}.Debug|Any CPU.ActiveCfg = Debug|Any CPU
		{ED35E879-FD36-460D-842F-16038A0F25F7}.Debug|Any CPU.Build.0 = Debug|Any CPU
		{ED35E879-FD36-460D-842F-16038A0F25F7}.Release|Any CPU.ActiveCfg = Release|Any CPU
		{ED35E879-FD36-460D-842F-16038A0F25F7}.Release|Any CPU.Build.0 = Release|Any CPU
	EndGlobalSection
EndGlobal
